// !$*UTF8*$!
{
	archiveVersion = 1;
	classes = {
	};
	objectVersion = 46;
	objects = {

/* Begin PBXBuildFile section */
		952A24F7A8E22231785D57B5 /* Pods_QuotesKitTests.framework in Frameworks */ = {isa = PBXBuildFile; fileRef = 76BB3F8FE5C02DC07CE7BFCD /* Pods_QuotesKitTests.framework */; settings = {ATTRIBUTES = (Weak, ); }; };
		B96181DA1B00FDD800145AC0 /* QuotesViewController.swift in Sources */ = {isa = PBXBuildFile; fileRef = B96181D91B00FDD800145AC0 /* QuotesViewController.swift */; };
		B9CC45AA1AFEABCA00A82355 /* AppDelegate.swift in Sources */ = {isa = PBXBuildFile; fileRef = B9CC45A21AFEABCA00A82355 /* AppDelegate.swift */; };
		B9CC45AC1AFEABCA00A82355 /* LaunchScreen.xib in Resources */ = {isa = PBXBuildFile; fileRef = B9CC45A61AFEABCA00A82355 /* LaunchScreen.xib */; };
		B9CC45AD1AFEABCA00A82355 /* Images.xcassets in Resources */ = {isa = PBXBuildFile; fileRef = B9CC45A81AFEABCA00A82355 /* Images.xcassets */; };
		B9CC45C61AFEBB3700A82355 /* QuotesKit.framework in Frameworks */ = {isa = PBXBuildFile; fileRef = B9CC45BB1AFEBB3700A82355 /* QuotesKit.framework */; };
		B9CC45D21AFEBB3700A82355 /* QuotesKit.framework in Frameworks */ = {isa = PBXBuildFile; fileRef = B9CC45BB1AFEBB3700A82355 /* QuotesKit.framework */; };
		B9CC45D41AFEBB3700A82355 /* QuotesKit.framework in Embed Frameworks */ = {isa = PBXBuildFile; fileRef = B9CC45BB1AFEBB3700A82355 /* QuotesKit.framework */; settings = {ATTRIBUTES = (CodeSignOnCopy, RemoveHeadersOnCopy, ); }; };
		B9CC45E01AFEBBCC00A82355 /* QuotesKit.h in Headers */ = {isa = PBXBuildFile; fileRef = B9CC45DD1AFEBBCC00A82355 /* QuotesKit.h */; settings = {ATTRIBUTES = (Public, ); }; };
/* End PBXBuildFile section */

/* Begin PBXContainerItemProxy section */
		B9CC45901AFEAB1700A82355 /* PBXContainerItemProxy */ = {
			isa = PBXContainerItemProxy;
			containerPortal = B9CC45721AFEAB1700A82355 /* Project object */;
			proxyType = 1;
			remoteGlobalIDString = B9CC45791AFEAB1700A82355;
			remoteInfo = Quotes;
		};
		B9CC45C71AFEBB3700A82355 /* PBXContainerItemProxy */ = {
			isa = PBXContainerItemProxy;
			containerPortal = B9CC45721AFEAB1700A82355 /* Project object */;
			proxyType = 1;
			remoteGlobalIDString = B9CC45BA1AFEBB3700A82355;
			remoteInfo = QuotesKit;
		};
		B9CC45C91AFEBB3700A82355 /* PBXContainerItemProxy */ = {
			isa = PBXContainerItemProxy;
			containerPortal = B9CC45721AFEAB1700A82355 /* Project object */;
			proxyType = 1;
			remoteGlobalIDString = B9CC45791AFEAB1700A82355;
			remoteInfo = Quotes;
		};
		B9CC45D01AFEBB3700A82355 /* PBXContainerItemProxy */ = {
			isa = PBXContainerItemProxy;
			containerPortal = B9CC45721AFEAB1700A82355 /* Project object */;
			proxyType = 1;
			remoteGlobalIDString = B9CC45BA1AFEBB3700A82355;
			remoteInfo = QuotesKit;
		};
/* End PBXContainerItemProxy section */

/* Begin PBXCopyFilesBuildPhase section */
		B9CC45D31AFEBB3700A82355 /* Embed Frameworks */ = {
			isa = PBXCopyFilesBuildPhase;
			buildActionMask = 2147483647;
			dstPath = "";
			dstSubfolderSpec = 10;
			files = (
				B9CC45D41AFEBB3700A82355 /* QuotesKit.framework in Embed Frameworks */,
			);
			name = "Embed Frameworks";
			runOnlyForDeploymentPostprocessing = 0;
		};
/* End PBXCopyFilesBuildPhase section */

/* Begin PBXFileReference section */
		153BA7BE05D2036640C5FE2C /* Pods-QuotesKit.debug.xcconfig */ = {isa = PBXFileReference; includeInIndex = 1; lastKnownFileType = text.xcconfig; name = "Pods-QuotesKit.debug.xcconfig"; path = "Pods/Target Support Files/Pods-QuotesKit/Pods-QuotesKit.debug.xcconfig"; sourceTree = "<group>"; };
		76BB3F8FE5C02DC07CE7BFCD /* Pods_QuotesKitTests.framework */ = {isa = PBXFileReference; explicitFileType = wrapper.framework; includeInIndex = 0; path = Pods_QuotesKitTests.framework; sourceTree = BUILT_PRODUCTS_DIR; };
		8887BA4B1AF45DD1F334C2F7 /* Pods-QuotesKitTests.release.xcconfig */ = {isa = PBXFileReference; includeInIndex = 1; lastKnownFileType = text.xcconfig; name = "Pods-QuotesKitTests.release.xcconfig"; path = "Pods/Target Support Files/Pods-QuotesKitTests/Pods-QuotesKitTests.release.xcconfig"; sourceTree = "<group>"; };
		AE26AA17E42777E35A26EF1C /* Pods_QuotesKit.framework */ = {isa = PBXFileReference; explicitFileType = wrapper.framework; includeInIndex = 0; path = Pods_QuotesKit.framework; sourceTree = BUILT_PRODUCTS_DIR; };
		B96181D91B00FDD800145AC0 /* QuotesViewController.swift */ = {isa = PBXFileReference; fileEncoding = 4; lastKnownFileType = sourcecode.swift; name = QuotesViewController.swift; path = "Quotes/Classes/View Controllers/QuotesViewController.swift"; sourceTree = "<group>"; };
		B9CC457A1AFEAB1700A82355 /* Quotes.app */ = {isa = PBXFileReference; explicitFileType = wrapper.application; includeInIndex = 0; path = Quotes.app; sourceTree = BUILT_PRODUCTS_DIR; };
		B9CC458F1AFEAB1700A82355 /* QuotesTests.xctest */ = {isa = PBXFileReference; explicitFileType = wrapper.cfbundle; includeInIndex = 0; path = QuotesTests.xctest; sourceTree = BUILT_PRODUCTS_DIR; };
		B9CC45A21AFEABCA00A82355 /* AppDelegate.swift */ = {isa = PBXFileReference; fileEncoding = 4; lastKnownFileType = sourcecode.swift; path = AppDelegate.swift; sourceTree = "<group>"; };
		B9CC45A71AFEABCA00A82355 /* Base */ = {isa = PBXFileReference; lastKnownFileType = file.xib; name = Base; path = Base.lproj/LaunchScreen.xib; sourceTree = "<group>"; };
		B9CC45A81AFEABCA00A82355 /* Images.xcassets */ = {isa = PBXFileReference; lastKnownFileType = folder.assetcatalog; path = Images.xcassets; sourceTree = "<group>"; };
		B9CC45A91AFEABCA00A82355 /* Info.plist */ = {isa = PBXFileReference; fileEncoding = 4; lastKnownFileType = text.plist.xml; path = Info.plist; sourceTree = "<group>"; };
		B9CC45B31AFEABD300A82355 /* Info.plist */ = {isa = PBXFileReference; fileEncoding = 4; lastKnownFileType = text.plist.xml; path = Info.plist; sourceTree = "<group>"; };
		B9CC45BB1AFEBB3700A82355 /* QuotesKit.framework */ = {isa = PBXFileReference; explicitFileType = wrapper.framework; includeInIndex = 0; path = QuotesKit.framework; sourceTree = BUILT_PRODUCTS_DIR; };
		B9CC45C51AFEBB3700A82355 /* QuotesKitTests.xctest */ = {isa = PBXFileReference; explicitFileType = wrapper.cfbundle; includeInIndex = 0; path = QuotesKitTests.xctest; sourceTree = BUILT_PRODUCTS_DIR; };
		B9CC45DD1AFEBBCC00A82355 /* QuotesKit.h */ = {isa = PBXFileReference; fileEncoding = 4; lastKnownFileType = sourcecode.c.h; path = QuotesKit.h; sourceTree = "<group>"; };
		B9CC45DF1AFEBBCC00A82355 /* Info.plist */ = {isa = PBXFileReference; fileEncoding = 4; lastKnownFileType = text.plist.xml; path = Info.plist; sourceTree = "<group>"; };
		B9CC45E41AFEBBD700A82355 /* Info.plist */ = {isa = PBXFileReference; fileEncoding = 4; lastKnownFileType = text.plist.xml; path = Info.plist; sourceTree = "<group>"; };
		C2957BD08E62FE8CA5200A49 /* Pods-QuotesKit.release.xcconfig */ = {isa = PBXFileReference; includeInIndex = 1; lastKnownFileType = text.xcconfig; name = "Pods-QuotesKit.release.xcconfig"; path = "Pods/Target Support Files/Pods-QuotesKit/Pods-QuotesKit.release.xcconfig"; sourceTree = "<group>"; };
		D90BEE0A53B15E76828070A7 /* Pods-QuotesKitTests.debug.xcconfig */ = {isa = PBXFileReference; includeInIndex = 1; lastKnownFileType = text.xcconfig; name = "Pods-QuotesKitTests.debug.xcconfig"; path = "Pods/Target Support Files/Pods-QuotesKitTests/Pods-QuotesKitTests.debug.xcconfig"; sourceTree = "<group>"; };
/* End PBXFileReference section */

/* Begin PBXFrameworksBuildPhase section */
		B9CC45771AFEAB1700A82355 /* Frameworks */ = {
			isa = PBXFrameworksBuildPhase;
			buildActionMask = 2147483647;
			files = (
				B9CC45D21AFEBB3700A82355 /* QuotesKit.framework in Frameworks */,
			);
			runOnlyForDeploymentPostprocessing = 0;
		};
		B9CC458C1AFEAB1700A82355 /* Frameworks */ = {
			isa = PBXFrameworksBuildPhase;
			buildActionMask = 2147483647;
			files = (
			);
			runOnlyForDeploymentPostprocessing = 0;
		};
		B9CC45B71AFEBB3700A82355 /* Frameworks */ = {
			isa = PBXFrameworksBuildPhase;
			buildActionMask = 2147483647;
			files = (
			);
			runOnlyForDeploymentPostprocessing = 0;
		};
		B9CC45C21AFEBB3700A82355 /* Frameworks */ = {
			isa = PBXFrameworksBuildPhase;
			buildActionMask = 2147483647;
			files = (
				B9CC45C61AFEBB3700A82355 /* QuotesKit.framework in Frameworks */,
				952A24F7A8E22231785D57B5 /* Pods_QuotesKitTests.framework in Frameworks */,
			);
			runOnlyForDeploymentPostprocessing = 0;
		};
/* End PBXFrameworksBuildPhase section */

/* Begin PBXGroup section */
		A35960AF9B541CAF27B0F04B /* Pods */ = {
			isa = PBXGroup;
			children = (
				153BA7BE05D2036640C5FE2C /* Pods-QuotesKit.debug.xcconfig */,
				C2957BD08E62FE8CA5200A49 /* Pods-QuotesKit.release.xcconfig */,
				D90BEE0A53B15E76828070A7 /* Pods-QuotesKitTests.debug.xcconfig */,
				8887BA4B1AF45DD1F334C2F7 /* Pods-QuotesKitTests.release.xcconfig */,
			);
			name = Pods;
			sourceTree = "<group>";
		};
		B96181DB1B00FDDF00145AC0 /* View Controllers */ = {
			isa = PBXGroup;
			children = (
				B96181D91B00FDD800145AC0 /* QuotesViewController.swift */,
			);
			name = "View Controllers";
			path = ../..;
			sourceTree = "<group>";
		};
		B9CC45711AFEAB1700A82355 = {
			isa = PBXGroup;
			children = (
				B9CC459F1AFEABCA00A82355 /* Quotes */,
				B9CC45AF1AFEABD300A82355 /* QuotesTests */,
				B9CC45DB1AFEBBCC00A82355 /* QuotesKit */,
				B9CC45E21AFEBBD700A82355 /* QuotesKitTests */,
				B9CC457B1AFEAB1700A82355 /* Products */,
				A35960AF9B541CAF27B0F04B /* Pods */,
				C26BD2A8240F10F0DC7CA699 /* Frameworks */,
			);
			sourceTree = "<group>";
		};
		B9CC457B1AFEAB1700A82355 /* Products */ = {
			isa = PBXGroup;
			children = (
				B9CC457A1AFEAB1700A82355 /* Quotes.app */,
				B9CC458F1AFEAB1700A82355 /* QuotesTests.xctest */,
				B9CC45BB1AFEBB3700A82355 /* QuotesKit.framework */,
				B9CC45C51AFEBB3700A82355 /* QuotesKitTests.xctest */,
			);
			name = Products;
			sourceTree = "<group>";
		};
		B9CC459F1AFEABCA00A82355 /* Quotes */ = {
			isa = PBXGroup;
			children = (
				B9CC45A01AFEABCA00A82355 /* Classes */,
				B9CC45A51AFEABCA00A82355 /* Resources */,
			);
			path = Quotes;
			sourceTree = "<group>";
		};
		B9CC45A01AFEABCA00A82355 /* Classes */ = {
			isa = PBXGroup;
			children = (
				B9CC45A11AFEABCA00A82355 /* Application */,
				B96181DB1B00FDDF00145AC0 /* View Controllers */,
			);
			path = Classes;
			sourceTree = "<group>";
		};
		B9CC45A11AFEABCA00A82355 /* Application */ = {
			isa = PBXGroup;
			children = (
				B9CC45A21AFEABCA00A82355 /* AppDelegate.swift */,
			);
			path = Application;
			sourceTree = "<group>";
		};
		B9CC45A51AFEABCA00A82355 /* Resources */ = {
			isa = PBXGroup;
			children = (
				B9CC45A61AFEABCA00A82355 /* LaunchScreen.xib */,
				B9CC45A81AFEABCA00A82355 /* Images.xcassets */,
				B9CC45A91AFEABCA00A82355 /* Info.plist */,
			);
			path = Resources;
			sourceTree = "<group>";
		};
		B9CC45AF1AFEABD300A82355 /* QuotesTests */ = {
			isa = PBXGroup;
			children = (
				B9CC45B21AFEABD300A82355 /* Resources */,
			);
			path = QuotesTests;
			sourceTree = "<group>";
		};
		B9CC45B21AFEABD300A82355 /* Resources */ = {
			isa = PBXGroup;
			children = (
				B9CC45B31AFEABD300A82355 /* Info.plist */,
			);
			path = Resources;
			sourceTree = "<group>";
		};
		B9CC45DB1AFEBBCC00A82355 /* QuotesKit */ = {
			isa = PBXGroup;
			children = (
				B9CC45DC1AFEBBCC00A82355 /* Other Sources */,
				B9CC45DE1AFEBBCC00A82355 /* Resources */,
			);
			path = QuotesKit;
			sourceTree = "<group>";
		};
		B9CC45DC1AFEBBCC00A82355 /* Other Sources */ = {
			isa = PBXGroup;
			children = (
				B9CC45DD1AFEBBCC00A82355 /* QuotesKit.h */,
			);
			path = "Other Sources";
			sourceTree = "<group>";
		};
		B9CC45DE1AFEBBCC00A82355 /* Resources */ = {
			isa = PBXGroup;
			children = (
				B9CC45DF1AFEBBCC00A82355 /* Info.plist */,
			);
			path = Resources;
			sourceTree = "<group>";
		};
		B9CC45E21AFEBBD700A82355 /* QuotesKitTests */ = {
			isa = PBXGroup;
			children = (
				B9CC45E31AFEBBD700A82355 /* Resources */,
			);
			path = QuotesKitTests;
			sourceTree = "<group>";
		};
		B9CC45E31AFEBBD700A82355 /* Resources */ = {
			isa = PBXGroup;
			children = (
				B9CC45E41AFEBBD700A82355 /* Info.plist */,
			);
			path = Resources;
			sourceTree = "<group>";
		};
		C26BD2A8240F10F0DC7CA699 /* Frameworks */ = {
			isa = PBXGroup;
			children = (
				AE26AA17E42777E35A26EF1C /* Pods_QuotesKit.framework */,
				76BB3F8FE5C02DC07CE7BFCD /* Pods_QuotesKitTests.framework */,
			);
			name = Frameworks;
			sourceTree = "<group>";
		};
/* End PBXGroup section */

/* Begin PBXHeadersBuildPhase section */
		B9CC45B81AFEBB3700A82355 /* Headers */ = {
			isa = PBXHeadersBuildPhase;
			buildActionMask = 2147483647;
			files = (
				B9CC45E01AFEBBCC00A82355 /* QuotesKit.h in Headers */,
			);
			runOnlyForDeploymentPostprocessing = 0;
		};
/* End PBXHeadersBuildPhase section */

/* Begin PBXNativeTarget section */
		B9CC45791AFEAB1700A82355 /* Quotes */ = {
			isa = PBXNativeTarget;
			buildConfigurationList = B9CC45991AFEAB1700A82355 /* Build configuration list for PBXNativeTarget "Quotes" */;
			buildPhases = (
				B9CC45761AFEAB1700A82355 /* Sources */,
				B9CC45771AFEAB1700A82355 /* Frameworks */,
				B9CC45781AFEAB1700A82355 /* Resources */,
				B9CC45D31AFEBB3700A82355 /* Embed Frameworks */,
			);
			buildRules = (
			);
			dependencies = (
				B9CC45D11AFEBB3700A82355 /* PBXTargetDependency */,
			);
			name = Quotes;
			productName = Quotes;
			productReference = B9CC457A1AFEAB1700A82355 /* Quotes.app */;
			productType = "com.apple.product-type.application";
		};
		B9CC458E1AFEAB1700A82355 /* QuotesTests */ = {
			isa = PBXNativeTarget;
			buildConfigurationList = B9CC459C1AFEAB1700A82355 /* Build configuration list for PBXNativeTarget "QuotesTests" */;
			buildPhases = (
				B9CC458B1AFEAB1700A82355 /* Sources */,
				B9CC458C1AFEAB1700A82355 /* Frameworks */,
				B9CC458D1AFEAB1700A82355 /* Resources */,
			);
			buildRules = (
			);
			dependencies = (
				B9CC45911AFEAB1700A82355 /* PBXTargetDependency */,
			);
			name = QuotesTests;
			productName = QuotesTests;
			productReference = B9CC458F1AFEAB1700A82355 /* QuotesTests.xctest */;
			productType = "com.apple.product-type.bundle.unit-test";
		};
		B9CC45BA1AFEBB3700A82355 /* QuotesKit */ = {
			isa = PBXNativeTarget;
			buildConfigurationList = B9CC45D91AFEBB3800A82355 /* Build configuration list for PBXNativeTarget "QuotesKit" */;
			buildPhases = (
				B9CC45B61AFEBB3700A82355 /* Sources */,
				B9CC45B71AFEBB3700A82355 /* Frameworks */,
				B9CC45B81AFEBB3700A82355 /* Headers */,
				B9CC45B91AFEBB3700A82355 /* Resources */,
			);
			buildRules = (
			);
			dependencies = (
			);
			name = QuotesKit;
			productName = QuotesKit;
			productReference = B9CC45BB1AFEBB3700A82355 /* QuotesKit.framework */;
			productType = "com.apple.product-type.framework";
		};
		B9CC45C41AFEBB3700A82355 /* QuotesKitTests */ = {
			isa = PBXNativeTarget;
			buildConfigurationList = B9CC45DA1AFEBB3800A82355 /* Build configuration list for PBXNativeTarget "QuotesKitTests" */;
			buildPhases = (
				B8AFD333558318B715D8D9AF /* Check Pods Manifest.lock */,
				B9CC45C11AFEBB3700A82355 /* Sources */,
				B9CC45C21AFEBB3700A82355 /* Frameworks */,
				B9CC45C31AFEBB3700A82355 /* Resources */,
				67225B843DFB599D0E863EE1 /* Embed Pods Frameworks */,
				BE17AD57E845ED50B601CC45 /* Copy Pods Resources */,
			);
			buildRules = (
			);
			dependencies = (
				B9CC45C81AFEBB3700A82355 /* PBXTargetDependency */,
				B9CC45CA1AFEBB3700A82355 /* PBXTargetDependency */,
			);
			name = QuotesKitTests;
			productName = QuotesKitTests;
			productReference = B9CC45C51AFEBB3700A82355 /* QuotesKitTests.xctest */;
			productType = "com.apple.product-type.bundle.unit-test";
		};
/* End PBXNativeTarget section */

/* Begin PBXProject section */
		B9CC45721AFEAB1700A82355 /* Project object */ = {
			isa = PBXProject;
			attributes = {
				LastUpgradeCheck = 0630;
				ORGANIZATIONNAME = "Julian Grosshauser";
				TargetAttributes = {
					B9CC45791AFEAB1700A82355 = {
						CreatedOnToolsVersion = 6.3.1;
					};
					B9CC458E1AFEAB1700A82355 = {
						CreatedOnToolsVersion = 6.3.1;
						TestTargetID = B9CC45791AFEAB1700A82355;
					};
					B9CC45BA1AFEBB3700A82355 = {
						CreatedOnToolsVersion = 6.3.1;
					};
					B9CC45C41AFEBB3700A82355 = {
						CreatedOnToolsVersion = 6.3.1;
						TestTargetID = B9CC45791AFEAB1700A82355;
					};
				};
			};
			buildConfigurationList = B9CC45751AFEAB1700A82355 /* Build configuration list for PBXProject "Quotes" */;
			compatibilityVersion = "Xcode 3.2";
			developmentRegion = English;
			hasScannedForEncodings = 0;
			knownRegions = (
				en,
				Base,
			);
			mainGroup = B9CC45711AFEAB1700A82355;
			productRefGroup = B9CC457B1AFEAB1700A82355 /* Products */;
			projectDirPath = "";
			projectRoot = "";
			targets = (
				B9CC45791AFEAB1700A82355 /* Quotes */,
				B9CC458E1AFEAB1700A82355 /* QuotesTests */,
				B9CC45BA1AFEBB3700A82355 /* QuotesKit */,
				B9CC45C41AFEBB3700A82355 /* QuotesKitTests */,
			);
		};
/* End PBXProject section */

/* Begin PBXResourcesBuildPhase section */
		B9CC45781AFEAB1700A82355 /* Resources */ = {
			isa = PBXResourcesBuildPhase;
			buildActionMask = 2147483647;
			files = (
				B9CC45AC1AFEABCA00A82355 /* LaunchScreen.xib in Resources */,
				B9CC45AD1AFEABCA00A82355 /* Images.xcassets in Resources */,
			);
			runOnlyForDeploymentPostprocessing = 0;
		};
		B9CC458D1AFEAB1700A82355 /* Resources */ = {
			isa = PBXResourcesBuildPhase;
			buildActionMask = 2147483647;
			files = (
			);
			runOnlyForDeploymentPostprocessing = 0;
		};
		B9CC45B91AFEBB3700A82355 /* Resources */ = {
			isa = PBXResourcesBuildPhase;
			buildActionMask = 2147483647;
			files = (
			);
			runOnlyForDeploymentPostprocessing = 0;
		};
		B9CC45C31AFEBB3700A82355 /* Resources */ = {
			isa = PBXResourcesBuildPhase;
			buildActionMask = 2147483647;
			files = (
			);
			runOnlyForDeploymentPostprocessing = 0;
		};
/* End PBXResourcesBuildPhase section */

/* Begin PBXShellScriptBuildPhase section */
		67225B843DFB599D0E863EE1 /* Embed Pods Frameworks */ = {
			isa = PBXShellScriptBuildPhase;
			buildActionMask = 2147483647;
			files = (
			);
			inputPaths = (
			);
			name = "Embed Pods Frameworks";
			outputPaths = (
			);
			runOnlyForDeploymentPostprocessing = 0;
			shellPath = /bin/sh;
			shellScript = "\"${SRCROOT}/Pods/Target Support Files/Pods-QuotesKitTests/Pods-QuotesKitTests-frameworks.sh\"\n";
			showEnvVarsInLog = 0;
		};
		B8AFD333558318B715D8D9AF /* Check Pods Manifest.lock */ = {
			isa = PBXShellScriptBuildPhase;
			buildActionMask = 2147483647;
			files = (
			);
			inputPaths = (
			);
			name = "Check Pods Manifest.lock";
			outputPaths = (
			);
			runOnlyForDeploymentPostprocessing = 0;
			shellPath = /bin/sh;
			shellScript = "diff \"${PODS_ROOT}/../Podfile.lock\" \"${PODS_ROOT}/Manifest.lock\" > /dev/null\nif [[ $? != 0 ]] ; then\n    cat << EOM\nerror: The sandbox is not in sync with the Podfile.lock. Run 'pod install' or update your CocoaPods installation.\nEOM\n    exit 1\nfi\n";
			showEnvVarsInLog = 0;
		};
		BE17AD57E845ED50B601CC45 /* Copy Pods Resources */ = {
			isa = PBXShellScriptBuildPhase;
			buildActionMask = 2147483647;
			files = (
			);
			inputPaths = (
			);
			name = "Copy Pods Resources";
			outputPaths = (
			);
			runOnlyForDeploymentPostprocessing = 0;
			shellPath = /bin/sh;
			shellScript = "\"${SRCROOT}/Pods/Target Support Files/Pods-QuotesKitTests/Pods-QuotesKitTests-resources.sh\"\n";
			showEnvVarsInLog = 0;
		};
/* End PBXShellScriptBuildPhase section */

/* Begin PBXSourcesBuildPhase section */
		B9CC45761AFEAB1700A82355 /* Sources */ = {
			isa = PBXSourcesBuildPhase;
			buildActionMask = 2147483647;
			files = (
				B9CC45AA1AFEABCA00A82355 /* AppDelegate.swift in Sources */,
				B96181DA1B00FDD800145AC0 /* QuotesViewController.swift in Sources */,
			);
			runOnlyForDeploymentPostprocessing = 0;
		};
		B9CC458B1AFEAB1700A82355 /* Sources */ = {
			isa = PBXSourcesBuildPhase;
			buildActionMask = 2147483647;
			files = (
			);
			runOnlyForDeploymentPostprocessing = 0;
		};
		B9CC45B61AFEBB3700A82355 /* Sources */ = {
			isa = PBXSourcesBuildPhase;
			buildActionMask = 2147483647;
			files = (
			);
			runOnlyForDeploymentPostprocessing = 0;
		};
		B9CC45C11AFEBB3700A82355 /* Sources */ = {
			isa = PBXSourcesBuildPhase;
			buildActionMask = 2147483647;
			files = (
			);
			runOnlyForDeploymentPostprocessing = 0;
		};
/* End PBXSourcesBuildPhase section */

/* Begin PBXTargetDependency section */
		B9CC45911AFEAB1700A82355 /* PBXTargetDependency */ = {
			isa = PBXTargetDependency;
			target = B9CC45791AFEAB1700A82355 /* Quotes */;
			targetProxy = B9CC45901AFEAB1700A82355 /* PBXContainerItemProxy */;
		};
		B9CC45C81AFEBB3700A82355 /* PBXTargetDependency */ = {
			isa = PBXTargetDependency;
			target = B9CC45BA1AFEBB3700A82355 /* QuotesKit */;
			targetProxy = B9CC45C71AFEBB3700A82355 /* PBXContainerItemProxy */;
		};
		B9CC45CA1AFEBB3700A82355 /* PBXTargetDependency */ = {
			isa = PBXTargetDependency;
			target = B9CC45791AFEAB1700A82355 /* Quotes */;
			targetProxy = B9CC45C91AFEBB3700A82355 /* PBXContainerItemProxy */;
		};
		B9CC45D11AFEBB3700A82355 /* PBXTargetDependency */ = {
			isa = PBXTargetDependency;
			target = B9CC45BA1AFEBB3700A82355 /* QuotesKit */;
			targetProxy = B9CC45D01AFEBB3700A82355 /* PBXContainerItemProxy */;
		};
/* End PBXTargetDependency section */

/* Begin PBXVariantGroup section */
		B9CC45A61AFEABCA00A82355 /* LaunchScreen.xib */ = {
			isa = PBXVariantGroup;
			children = (
				B9CC45A71AFEABCA00A82355 /* Base */,
			);
			name = LaunchScreen.xib;
			sourceTree = "<group>";
		};
/* End PBXVariantGroup section */

/* Begin XCBuildConfiguration section */
		B9CC45971AFEAB1700A82355 /* Debug */ = {
			isa = XCBuildConfiguration;
			buildSettings = {
				ALWAYS_SEARCH_USER_PATHS = NO;
				CLANG_CXX_LANGUAGE_STANDARD = "gnu++0x";
				CLANG_CXX_LIBRARY = "libc++";
				CLANG_ENABLE_MODULES = YES;
				CLANG_ENABLE_OBJC_ARC = YES;
				CLANG_WARN_BOOL_CONVERSION = YES;
				CLANG_WARN_CONSTANT_CONVERSION = YES;
				CLANG_WARN_DIRECT_OBJC_ISA_USAGE = YES_ERROR;
				CLANG_WARN_EMPTY_BODY = YES;
				CLANG_WARN_ENUM_CONVERSION = YES;
				CLANG_WARN_INT_CONVERSION = YES;
				CLANG_WARN_OBJC_ROOT_CLASS = YES_ERROR;
				CLANG_WARN_UNREACHABLE_CODE = YES;
				CLANG_WARN__DUPLICATE_METHOD_MATCH = YES;
				"CODE_SIGN_IDENTITY[sdk=iphoneos*]" = "iPhone Developer";
				COPY_PHASE_STRIP = NO;
				DEBUG_INFORMATION_FORMAT = "dwarf-with-dsym";
				ENABLE_STRICT_OBJC_MSGSEND = YES;
				GCC_C_LANGUAGE_STANDARD = gnu99;
				GCC_DYNAMIC_NO_PIC = NO;
				GCC_NO_COMMON_BLOCKS = YES;
				GCC_OPTIMIZATION_LEVEL = 0;
				GCC_PREPROCESSOR_DEFINITIONS = (
					"DEBUG=1",
					"$(inherited)",
				);
				GCC_SYMBOLS_PRIVATE_EXTERN = NO;
				GCC_WARN_64_TO_32_BIT_CONVERSION = YES;
				GCC_WARN_ABOUT_RETURN_TYPE = YES_ERROR;
				GCC_WARN_UNDECLARED_SELECTOR = YES;
				GCC_WARN_UNINITIALIZED_AUTOS = YES_AGGRESSIVE;
				GCC_WARN_UNUSED_FUNCTION = YES;
				GCC_WARN_UNUSED_VARIABLE = YES;
				IPHONEOS_DEPLOYMENT_TARGET = 8.3;
				MTL_ENABLE_DEBUG_INFO = YES;
				ONLY_ACTIVE_ARCH = YES;
				SDKROOT = iphoneos;
				SWIFT_OPTIMIZATION_LEVEL = "-Onone";
				TARGETED_DEVICE_FAMILY = "1,2";
			};
			name = Debug;
		};
		B9CC45981AFEAB1700A82355 /* Release */ = {
			isa = XCBuildConfiguration;
			buildSettings = {
				ALWAYS_SEARCH_USER_PATHS = NO;
				CLANG_CXX_LANGUAGE_STANDARD = "gnu++0x";
				CLANG_CXX_LIBRARY = "libc++";
				CLANG_ENABLE_MODULES = YES;
				CLANG_ENABLE_OBJC_ARC = YES;
				CLANG_WARN_BOOL_CONVERSION = YES;
				CLANG_WARN_CONSTANT_CONVERSION = YES;
				CLANG_WARN_DIRECT_OBJC_ISA_USAGE = YES_ERROR;
				CLANG_WARN_EMPTY_BODY = YES;
				CLANG_WARN_ENUM_CONVERSION = YES;
				CLANG_WARN_INT_CONVERSION = YES;
				CLANG_WARN_OBJC_ROOT_CLASS = YES_ERROR;
				CLANG_WARN_UNREACHABLE_CODE = YES;
				CLANG_WARN__DUPLICATE_METHOD_MATCH = YES;
				"CODE_SIGN_IDENTITY[sdk=iphoneos*]" = "iPhone Developer";
				COPY_PHASE_STRIP = NO;
				DEBUG_INFORMATION_FORMAT = "dwarf-with-dsym";
				ENABLE_NS_ASSERTIONS = NO;
				ENABLE_STRICT_OBJC_MSGSEND = YES;
				GCC_C_LANGUAGE_STANDARD = gnu99;
				GCC_NO_COMMON_BLOCKS = YES;
				GCC_WARN_64_TO_32_BIT_CONVERSION = YES;
				GCC_WARN_ABOUT_RETURN_TYPE = YES_ERROR;
				GCC_WARN_UNDECLARED_SELECTOR = YES;
				GCC_WARN_UNINITIALIZED_AUTOS = YES_AGGRESSIVE;
				GCC_WARN_UNUSED_FUNCTION = YES;
				GCC_WARN_UNUSED_VARIABLE = YES;
				IPHONEOS_DEPLOYMENT_TARGET = 8.3;
				MTL_ENABLE_DEBUG_INFO = NO;
				SDKROOT = iphoneos;
				TARGETED_DEVICE_FAMILY = "1,2";
				VALIDATE_PRODUCT = YES;
			};
			name = Release;
		};
		B9CC459A1AFEAB1700A82355 /* Debug */ = {
			isa = XCBuildConfiguration;
			buildSettings = {
				ASSETCATALOG_COMPILER_APPICON_NAME = AppIcon;
				INFOPLIST_FILE = "$(PRODUCT_NAME)/Resources/Info.plist";
				LD_RUNPATH_SEARCH_PATHS = "$(inherited) @executable_path/Frameworks";
				PRODUCT_NAME = "$(TARGET_NAME)";
			};
			name = Debug;
		};
		B9CC459B1AFEAB1700A82355 /* Release */ = {
			isa = XCBuildConfiguration;
			buildSettings = {
				ASSETCATALOG_COMPILER_APPICON_NAME = AppIcon;
				INFOPLIST_FILE = "$(PRODUCT_NAME)/Resources/Info.plist";
				LD_RUNPATH_SEARCH_PATHS = "$(inherited) @executable_path/Frameworks";
				PRODUCT_NAME = "$(TARGET_NAME)";
			};
			name = Release;
		};
		B9CC459D1AFEAB1700A82355 /* Debug */ = {
			isa = XCBuildConfiguration;
			buildSettings = {
				BUNDLE_LOADER = "$(TEST_HOST)";
				FRAMEWORK_SEARCH_PATHS = (
					"$(SDKROOT)/Developer/Library/Frameworks",
					"$(inherited)",
				);
				GCC_PREPROCESSOR_DEFINITIONS = (
					"DEBUG=1",
					"$(inherited)",
				);
				INFOPLIST_FILE = "$(PRODUCT_NAME)/Resources/Info.plist";
				LD_RUNPATH_SEARCH_PATHS = "$(inherited) @executable_path/Frameworks @loader_path/Frameworks";
				PRODUCT_NAME = "$(TARGET_NAME)";
				TEST_HOST = "$(BUILT_PRODUCTS_DIR)/Quotes.app/Quotes";
			};
			name = Debug;
		};
		B9CC459E1AFEAB1700A82355 /* Release */ = {
			isa = XCBuildConfiguration;
			buildSettings = {
				BUNDLE_LOADER = "$(TEST_HOST)";
				FRAMEWORK_SEARCH_PATHS = (
					"$(SDKROOT)/Developer/Library/Frameworks",
					"$(inherited)",
				);
				INFOPLIST_FILE = "$(PRODUCT_NAME)/Resources/Info.plist";
				LD_RUNPATH_SEARCH_PATHS = "$(inherited) @executable_path/Frameworks @loader_path/Frameworks";
				PRODUCT_NAME = "$(TARGET_NAME)";
				TEST_HOST = "$(BUILT_PRODUCTS_DIR)/Quotes.app/Quotes";
			};
			name = Release;
		};
		B9CC45D51AFEBB3800A82355 /* Debug */ = {
			isa = XCBuildConfiguration;
			buildSettings = {
				APPLICATION_EXTENSION_API_ONLY = YES;
				CURRENT_PROJECT_VERSION = 1;
				DEFINES_MODULE = YES;
				DYLIB_COMPATIBILITY_VERSION = 1;
				DYLIB_CURRENT_VERSION = 1;
				DYLIB_INSTALL_NAME_BASE = "@rpath";
				GCC_PREPROCESSOR_DEFINITIONS = (
					"DEBUG=1",
					"$(inherited)",
				);
				INFOPLIST_FILE = "$(PRODUCT_NAME)/Resources/Info.plist";
				INSTALL_PATH = "$(LOCAL_LIBRARY_DIR)/Frameworks";
				LD_RUNPATH_SEARCH_PATHS = "$(inherited) @executable_path/Frameworks @loader_path/Frameworks";
				PRODUCT_NAME = "$(TARGET_NAME)";
				SKIP_INSTALL = YES;
				VERSIONING_SYSTEM = "apple-generic";
				VERSION_INFO_PREFIX = "";
			};
			name = Debug;
		};
		B9CC45D61AFEBB3800A82355 /* Release */ = {
			isa = XCBuildConfiguration;
			buildSettings = {
				APPLICATION_EXTENSION_API_ONLY = YES;
				CURRENT_PROJECT_VERSION = 1;
				DEFINES_MODULE = YES;
				DYLIB_COMPATIBILITY_VERSION = 1;
				DYLIB_CURRENT_VERSION = 1;
				DYLIB_INSTALL_NAME_BASE = "@rpath";
				INFOPLIST_FILE = "$(PRODUCT_NAME)/Resources/Info.plist";
				INSTALL_PATH = "$(LOCAL_LIBRARY_DIR)/Frameworks";
				LD_RUNPATH_SEARCH_PATHS = "$(inherited) @executable_path/Frameworks @loader_path/Frameworks";
				PRODUCT_NAME = "$(TARGET_NAME)";
				SKIP_INSTALL = YES;
				VERSIONING_SYSTEM = "apple-generic";
				VERSION_INFO_PREFIX = "";
			};
			name = Release;
		};
		B9CC45D71AFEBB3800A82355 /* Debug */ = {
			isa = XCBuildConfiguration;
			baseConfigurationReference = D90BEE0A53B15E76828070A7 /* Pods-QuotesKitTests.debug.xcconfig */;
			buildSettings = {
				FRAMEWORK_SEARCH_PATHS = (
					"$(SDKROOT)/Developer/Library/Frameworks",
					"$(inherited)",
				);
				GCC_PREPROCESSOR_DEFINITIONS = (
					"DEBUG=1",
					"$(inherited)",
				);
				INFOPLIST_FILE = "$(PRODUCT_NAME)/Resources/Info.plist";
				LD_RUNPATH_SEARCH_PATHS = "$(inherited) @executable_path/Frameworks @loader_path/Frameworks";
				PRODUCT_NAME = "$(TARGET_NAME)";
				TEST_HOST = "$(BUILT_PRODUCTS_DIR)/Quotes.app/Quotes";
			};
			name = Debug;
		};
		B9CC45D81AFEBB3800A82355 /* Release */ = {
			isa = XCBuildConfiguration;
			baseConfigurationReference = 8887BA4B1AF45DD1F334C2F7 /* Pods-QuotesKitTests.release.xcconfig */;
			buildSettings = {
				FRAMEWORK_SEARCH_PATHS = (
					"$(SDKROOT)/Developer/Library/Frameworks",
					"$(inherited)",
				);
				INFOPLIST_FILE = "$(PRODUCT_NAME)/Resources/Info.plist";
				LD_RUNPATH_SEARCH_PATHS = "$(inherited) @executable_path/Frameworks @loader_path/Frameworks";
				PRODUCT_NAME = "$(TARGET_NAME)";
				TEST_HOST = "$(BUILT_PRODUCTS_DIR)/Quotes.app/Quotes";
			};
			name = Release;
		};
/* End XCBuildConfiguration section */

/* Begin XCConfigurationList section */
		B9CC45751AFEAB1700A82355 /* Build configuration list for PBXProject "Quotes" */ = {
			isa = XCConfigurationList;
			buildConfigurations = (
				B9CC45971AFEAB1700A82355 /* Debug */,
				B9CC45981AFEAB1700A82355 /* Release */,
			);
			defaultConfigurationIsVisible = 0;
			defaultConfigurationName = Release;
		};
		B9CC45991AFEAB1700A82355 /* Build configuration list for PBXNativeTarget "Quotes" */ = {
			isa = XCConfigurationList;
			buildConfigurations = (
				B9CC459A1AFEAB1700A82355 /* Debug */,
				B9CC459B1AFEAB1700A82355 /* Release */,
			);
			defaultConfigurationIsVisible = 0;
			defaultConfigurationName = Release;
		};
		B9CC459C1AFEAB1700A82355 /* Build configuration list for PBXNativeTarget "QuotesTests" */ = {
			isa = XCConfigurationList;
			buildConfigurations = (
				B9CC459D1AFEAB1700A82355 /* Debug */,
				B9CC459E1AFEAB1700A82355 /* Release */,
			);
			defaultConfigurationIsVisible = 0;
			defaultConfigurationName = Release;
		};
		B9CC45D91AFEBB3800A82355 /* Build configuration list for PBXNativeTarget "QuotesKit" */ = {
			isa = XCConfigurationList;
			buildConfigurations = (
				B9CC45D51AFEBB3800A82355 /* Debug */,
				B9CC45D61AFEBB3800A82355 /* Release */,
			);
			defaultConfigurationIsVisible = 0;
			defaultConfigurationName = Release;
		};
		B9CC45DA1AFEBB3800A82355 /* Build configuration list for PBXNativeTarget "QuotesKitTests" */ = {
			isa = XCConfigurationList;
			buildConfigurations = (
				B9CC45D71AFEBB3800A82355 /* Debug */,
				B9CC45D81AFEBB3800A82355 /* Release */,
			);
			defaultConfigurationIsVisible = 0;
			defaultConfigurationName = Release;
		};
/* End XCConfigurationList section */
	};
	rootObject = B9CC45721AFEAB1700A82355 /* Project object */;
}
